// !$*UTF8*$!
{
	archiveVersion = 1;
	classes = {
	};
	objectVersion = 46;
	objects = {

/* Begin PBXBuildFile section */
		FA6BEC631D2A385E00B3657F /* main.c in Sources */ = {isa = PBXBuildFile; fileRef = FA6BEC621D2A385E00B3657F /* main.c */; };
/* End PBXBuildFile section */

/* Begin PBXCopyFilesBuildPhase section */
		FA6BEC5D1D2A385E00B3657F /* CopyFiles */ = {
			isa = PBXCopyFilesBuildPhase;
			buildActionMask = 2147483647;
			dstPath = /usr/share/man/man1/;
			dstSubfolderSpec = 0;
			files = (
			);
			runOnlyForDeploymentPostprocessing = 1;
		};
/* End PBXCopyFilesBuildPhase section */

/* Begin PBXFileReference section */
		FA6BEC5F1D2A385E00B3657F /* DoubleLinkedList-Insert */ = {isa = PBXFileReference; explicitFileType = "compiled.mach-o.executable"; includeInIndex = 0; path = "DoubleLinkedList-Insert"; sourceTree = BUILT_PRODUCTS_DIR; };
		FA6BEC621D2A385E00B3657F /* main.c */ = {isa = PBXFileReference; lastKnownFileType = sourcecode.c.c; path = main.c; sourceTree = "<group>"; };
/* End PBXFileReference section */

/* Begin PBXFrameworksBuildPhase section */
		FA6BEC5C1D2A385E00B3657F /* Frameworks */ = {
			isa = PBXFrameworksBuildPhase;
			buildActionMask = 2147483647;
			files = (
			);
			runOnlyForDeploymentPostprocessing = 0;
		};
/* End PBXFrameworksBuildPhase section */

/* Begin PBXGroup section */
		FA6BEC561D2A385E00B3657F = {
			isa = PBXGroup;
			children = (
				FA6BEC611D2A385E00B3657F /* DoubleLinkedList-Insert */,
				FA6BEC601D2A385E00B3657F /* Products */,
			);
			sourceTree = "<group>";
		};
		FA6BEC601D2A385E00B3657F /* Products */ = {
			isa = PBXGroup;
			children = (
				FA6BEC5F1D2A385E00B3657F /* DoubleLinkedList-Insert */,
			);
			name = Products;
			sourceTree = "<group>";
		};
		FA6BEC611D2A385E00B3657F /* DoubleLinkedList-Insert */ = {
			isa = PBXGroup;
			children = (
				FA6BEC621D2A385E00B3657F /* main.c */,
			);
			path = "DoubleLinkedList-Insert";
			sourceTree = "<group>";
		};
/* End PBXGroup section */

/* Begin PBXNativeTarget section */
		FA6BEC5E1D2A385E00B3657F /* DoubleLinkedList-Insert */ = {
			isa = PBXNativeTarget;
			buildConfigurationList = FA6BEC661D2A385E00B3657F /* Build configuration list for PBXNativeTarget "DoubleLinkedList-Insert" */;
			buildPhases = (
				FA6BEC5B1D2A385E00B3657F /* Sources */,
				FA6BEC5C1D2A385E00B3657F /* Frameworks */,
				FA6BEC5D1D2A385E00B3657F /* CopyFiles */,
			);
			buildRules = (
			);
			dependencies = (
			);
			name = "DoubleLinkedList-Insert";
			productName = "DoubleLinkedList-Insert";
			productReference = FA6BEC5F1D2A385E00B3657F /* DoubleLinkedList-Insert */;
			productType = "com.apple.product-type.tool";
		};
/* End PBXNativeTarget section */

/* Begin PBXProject section */
		FA6BEC571D2A385E00B3657F /* Project object */ = {
			isa = PBXProject;
			attributes = {
				LastUpgradeCheck = 0730;
				ORGANIZATIONNAME = ProfPark;
				TargetAttributes = {
					FA6BEC5E1D2A385E00B3657F = {
						CreatedOnToolsVersion = 7.3;
					};
				};
			};
			buildConfigurationList = FA6BEC5A1D2A385E00B3657F /* Build configuration list for PBXProject "DoubleLinkedList-Insert" */;
			compatibilityVersion = "Xcode 3.2";
			developmentRegion = English;
			hasScannedForEncodings = 0;
			knownRegions = (
				en,
			);
			mainGroup = FA6BEC561D2A385E00B3657F;
			productRefGroup = FA6BEC601D2A385E00B3657F /* Products */;
			projectDirPath = "";
			projectRoot = "";
			targets = (
				FA6BEC5E1D2A385E00B3657F /* DoubleLinkedList-Insert */,
			);
		};
/* End PBXProject section */

/* Begin PBXSourcesBuildPhase section */
		FA6BEC5B1D2A385E00B3657F /* Sources */ = {
			isa = PBXSourcesBuildPhase;
			buildActionMask = 2147483647;
			files = (
				FA6BEC631D2A385E00B3657F /* main.c in Sources */,
			);
			runOnlyForDeploymentPostprocessing = 0;
		};
/* End PBXSourcesBuildPhase section */

/* Begin XCBuildConfiguration section */
		FA6BEC641D2A385E00B3657F /* Debug */ = {
			isa = XCBuildConfiguration;
			buildSettings = {
				ALWAYS_SEARCH_USER_PATHS = NO;
				CLANG_ANALYZER_NONNULL = YES;
				CLANG_CXX_LANGUAGE_STANDARD = "gnu++0x";
				CLANG_CXX_LIBRARY = "libc++";
				CLANG_ENABLE_MODULES = YES;
				CLANG_ENABLE_OBJC_ARC = YES;
				CLANG_WARN_BOOL_CONVERSION = YES;
				CLANG_WARN_CONSTANT_CONVERSION = YES;
				CLANG_WARN_DIRECT_OBJC_ISA_USAGE = YES_ERROR;
				CLANG_WARN_EMPTY_BODY = YES;
				CLANG_WARN_ENUM_CONVERSION = YES;
				CLANG_WARN_INT_CONVERSION = YES;
				CLANG_WARN_OBJC_ROOT_CLASS = YES_ERROR;
				CLANG_WARN_UNREACHABLE_CODE = YES;
				CLANG_WARN__DUPLICATE_METHOD_MATCH = YES;
				CODE_SIGN_IDENTITY = "-";
				COPY_PHASE_STRIP = NO;
				DEBUG_INFORMATION_FORMAT = dwarf;
				ENABLE_STRICT_OBJC_MSGSEND = YES;
				ENABLE_TESTABILITY = YES;
				GCC_C_LANGUAGE_STANDARD = gnu99;
				GCC_DYNAMIC_NO_PIC = NO;
				GCC_NO_COMMON_BLOCKS = YES;
				GCC_OPTIMIZATION_LEVEL = 0;
				GCC_PREPROCESSOR_DEFINITIONS = (
					"DEBUG=1",
					"$(inherited)",
				);
				GCC_WARN_64_TO_32_BIT_CONVERSION = YES;
				GCC_WARN_ABOUT_RETURN_TYPE = YES_ERROR;
				GCC_WARN_UNDECLARED_SELECTOR = YES;
				GCC_WARN_UNINITIALIZED_AUTOS = YES_AGGRESSIVE;
				GCC_WARN_UNUSED_FUNCTION = YES;
				GCC_WARN_UNUSED_VARIABLE = YES;
				MACOSX_DEPLOYMENT_TARGET = 10.11;
				MTL_ENABLE_DEBUG_INFO = YES;
				ONLY_ACTIVE_ARCH = YES;
				SDKROOT = macosx;
			};
			name = Debug;
		};
		FA6BEC651D2A385E00B3657F /* Release */ = {
			isa = XCBuildConfiguration;
			buildSettings = {
				ALWAYS_SEARCH_USER_PATHS = NO;
				CLANG_ANALYZER_NONNULL = YES;
				CLANG_CXX_LANGUAGE_STANDARD = "gnu++0x";
				CLANG_CXX_LIBRARY = "libc++";
				CLANG_ENABLE_MODULES = YES;
				CLANG_ENABLE_OBJC_ARC = YES;
				CLANG_WARN_BOOL_CONVERSION = YES;
				CLANG_WARN_CONSTANT_CONVERSION = YES;
				CLANG_WARN_DIRECT_OBJC_ISA_USAGE = YES_ERROR;
				CLANG_WARN_EMPTY_BODY = YES;
				CLANG_WARN_ENUM_CONVERSION = YES;
				CLANG_WARN_INT_CONVERSION = YES;
				CLANG_WARN_OBJC_ROOT_CLASS = YES_ERROR;
				CLANG_WARN_UNREACHABLE_CODE = YES;
				CLANG_WARN__DUPLICATE_METHOD_MATCH = YES;
				CODE_SIGN_IDENTITY = "-";
				COPY_PHASE_STRIP = NO;
				DEBUG_INFORMATION_FORMAT = "dwarf-with-dsym";
				ENABLE_NS_ASSERTIONS = NO;
				ENABLE_STRICT_OBJC_MSGSEND = YES;
				GCC_C_LANGUAGE_STANDARD = gnu99;
				GCC_NO_COMMON_BLOCKS = YES;
				GCC_WARN_64_TO_32_BIT_CONVERSION = YES;
				GCC_WARN_ABOUT_RETURN_TYPE = YES_ERROR;
				GCC_WARN_UNDECLARED_SELECTOR = YES;
				GCC_WARN_UNINITIALIZED_AUTOS = YES_AGGRESSIVE;
				GCC_WARN_UNUSED_FUNCTION = YES;
				GCC_WARN_UNUSED_VARIABLE = YES;
				MACOSX_DEPLOYMENT_TARGET = 10.11;
				MTL_ENABLE_DEBUG_INFO = NO;
				SDKROOT = macosx;
			};
			name = Release;
		};
		FA6BEC671D2A385E00B3657F /* Debug */ = {
			isa = XCBuildConfiguration;
			buildSettings = {
				PRODUCT_NAME = "$(TARGET_NAME)";
			};
			name = Debug;
		};
		FA6BEC681D2A385E00B3657F /* Release */ = {
			isa = XCBuildConfiguration;
			buildSettings = {
				PRODUCT_NAME = "$(TARGET_NAME)";
			};
			name = Release;
		};
/* End XCBuildConfiguration section */

/* Begin XCConfigurationList section */
		FA6BEC5A1D2A385E00B3657F /* Build configuration list for PBXProject "DoubleLinkedList-Insert" */ = {
			isa = XCConfigurationList;
			buildConfigurations = (
				FA6BEC641D2A385E00B3657F /* Debug */,
				FA6BEC651D2A385E00B3657F /* Release */,
			);
			defaultConfigurationIsVisible = 0;
			defaultConfigurationName = Release;
		};
		FA6BEC661D2A385E00B3657F /* Build configuration list for PBXNativeTarget "DoubleLinkedList-Insert" */ = {
			isa = XCConfigurationList;
			buildConfigurations = (
				FA6BEC671D2A385E00B3657F /* Debug */,
				FA6BEC681D2A385E00B3657F /* Release */,
			);
			defaultConfigurationIsVisible = 0;
		};
/* End XCConfigurationList section */
	};
	rootObject = FA6BEC571D2A385E00B3657F /* Project object */;
}
