// !$*UTF8*$!
{
	archiveVersion = 1;
	classes = {
	};
	objectVersion = 46;
	objects = {

/* Begin PBXBuildFile section */
		FA6214C51D2E1DFD00294F8B /* main.c in Sources */ = {isa = PBXBuildFile; fileRef = FA6214C41D2E1DFD00294F8B /* main.c */; };
/* End PBXBuildFile section */

/* Begin PBXCopyFilesBuildPhase section */
		FA6214BF1D2E1DFD00294F8B /* CopyFiles */ = {
			isa = PBXCopyFilesBuildPhase;
			buildActionMask = 2147483647;
			dstPath = /usr/share/man/man1/;
			dstSubfolderSpec = 0;
			files = (
			);
			runOnlyForDeploymentPostprocessing = 1;
		};
/* End PBXCopyFilesBuildPhase section */

/* Begin PBXFileReference section */
		FA6214C11D2E1DFD00294F8B /* DoubleLinkedList-HeadTail */ = {isa = PBXFileReference; explicitFileType = "compiled.mach-o.executable"; includeInIndex = 0; path = "DoubleLinkedList-HeadTail"; sourceTree = BUILT_PRODUCTS_DIR; };
		FA6214C41D2E1DFD00294F8B /* main.c */ = {isa = PBXFileReference; lastKnownFileType = sourcecode.c.c; path = main.c; sourceTree = "<group>"; };
/* End PBXFileReference section */

/* Begin PBXFrameworksBuildPhase section */
		FA6214BE1D2E1DFD00294F8B /* Frameworks */ = {
			isa = PBXFrameworksBuildPhase;
			buildActionMask = 2147483647;
			files = (
			);
			runOnlyForDeploymentPostprocessing = 0;
		};
/* End PBXFrameworksBuildPhase section */

/* Begin PBXGroup section */
		FA6214B81D2E1DFD00294F8B = {
			isa = PBXGroup;
			children = (
				FA6214C31D2E1DFD00294F8B /* DoubleLinkedList-HeadTail */,
				FA6214C21D2E1DFD00294F8B /* Products */,
			);
			sourceTree = "<group>";
		};
		FA6214C21D2E1DFD00294F8B /* Products */ = {
			isa = PBXGroup;
			children = (
				FA6214C11D2E1DFD00294F8B /* DoubleLinkedList-HeadTail */,
			);
			name = Products;
			sourceTree = "<group>";
		};
		FA6214C31D2E1DFD00294F8B /* DoubleLinkedList-HeadTail */ = {
			isa = PBXGroup;
			children = (
				FA6214C41D2E1DFD00294F8B /* main.c */,
			);
			path = "DoubleLinkedList-HeadTail";
			sourceTree = "<group>";
		};
/* End PBXGroup section */

/* Begin PBXNativeTarget section */
		FA6214C01D2E1DFD00294F8B /* DoubleLinkedList-HeadTail */ = {
			isa = PBXNativeTarget;
			buildConfigurationList = FA6214C81D2E1DFD00294F8B /* Build configuration list for PBXNativeTarget "DoubleLinkedList-HeadTail" */;
			buildPhases = (
				FA6214BD1D2E1DFD00294F8B /* Sources */,
				FA6214BE1D2E1DFD00294F8B /* Frameworks */,
				FA6214BF1D2E1DFD00294F8B /* CopyFiles */,
			);
			buildRules = (
			);
			dependencies = (
			);
			name = "DoubleLinkedList-HeadTail";
			productName = "DoubleLinkedList-HeadTail";
			productReference = FA6214C11D2E1DFD00294F8B /* DoubleLinkedList-HeadTail */;
			productType = "com.apple.product-type.tool";
		};
/* End PBXNativeTarget section */

/* Begin PBXProject section */
		FA6214B91D2E1DFD00294F8B /* Project object */ = {
			isa = PBXProject;
			attributes = {
				LastUpgradeCheck = 0730;
				ORGANIZATIONNAME = ProfPark;
				TargetAttributes = {
					FA6214C01D2E1DFD00294F8B = {
						CreatedOnToolsVersion = 7.3;
					};
				};
			};
			buildConfigurationList = FA6214BC1D2E1DFD00294F8B /* Build configuration list for PBXProject "DoubleLinkedList-HeadTail" */;
			compatibilityVersion = "Xcode 3.2";
			developmentRegion = English;
			hasScannedForEncodings = 0;
			knownRegions = (
				en,
			);
			mainGroup = FA6214B81D2E1DFD00294F8B;
			productRefGroup = FA6214C21D2E1DFD00294F8B /* Products */;
			projectDirPath = "";
			projectRoot = "";
			targets = (
				FA6214C01D2E1DFD00294F8B /* DoubleLinkedList-HeadTail */,
			);
		};
/* End PBXProject section */

/* Begin PBXSourcesBuildPhase section */
		FA6214BD1D2E1DFD00294F8B /* Sources */ = {
			isa = PBXSourcesBuildPhase;
			buildActionMask = 2147483647;
			files = (
				FA6214C51D2E1DFD00294F8B /* main.c in Sources */,
			);
			runOnlyForDeploymentPostprocessing = 0;
		};
/* End PBXSourcesBuildPhase section */

/* Begin XCBuildConfiguration section */
		FA6214C61D2E1DFD00294F8B /* Debug */ = {
			isa = XCBuildConfiguration;
			buildSettings = {
				ALWAYS_SEARCH_USER_PATHS = NO;
				CLANG_ANALYZER_NONNULL = YES;
				CLANG_CXX_LANGUAGE_STANDARD = "gnu++0x";
				CLANG_CXX_LIBRARY = "libc++";
				CLANG_ENABLE_MODULES = YES;
				CLANG_ENABLE_OBJC_ARC = YES;
				CLANG_WARN_BOOL_CONVERSION = YES;
				CLANG_WARN_CONSTANT_CONVERSION = YES;
				CLANG_WARN_DIRECT_OBJC_ISA_USAGE = YES_ERROR;
				CLANG_WARN_EMPTY_BODY = YES;
				CLANG_WARN_ENUM_CONVERSION = YES;
				CLANG_WARN_INT_CONVERSION = YES;
				CLANG_WARN_OBJC_ROOT_CLASS = YES_ERROR;
				CLANG_WARN_UNREACHABLE_CODE = YES;
				CLANG_WARN__DUPLICATE_METHOD_MATCH = YES;
				CODE_SIGN_IDENTITY = "-";
				COPY_PHASE_STRIP = NO;
				DEBUG_INFORMATION_FORMAT = dwarf;
				ENABLE_STRICT_OBJC_MSGSEND = YES;
				ENABLE_TESTABILITY = YES;
				GCC_C_LANGUAGE_STANDARD = gnu99;
				GCC_DYNAMIC_NO_PIC = NO;
				GCC_NO_COMMON_BLOCKS = YES;
				GCC_OPTIMIZATION_LEVEL = 0;
				GCC_PREPROCESSOR_DEFINITIONS = (
					"DEBUG=1",
					"$(inherited)",
				);
				GCC_WARN_64_TO_32_BIT_CONVERSION = YES;
				GCC_WARN_ABOUT_RETURN_TYPE = YES_ERROR;
				GCC_WARN_UNDECLARED_SELECTOR = YES;
				GCC_WARN_UNINITIALIZED_AUTOS = YES_AGGRESSIVE;
				GCC_WARN_UNUSED_FUNCTION = YES;
				GCC_WARN_UNUSED_VARIABLE = YES;
				MACOSX_DEPLOYMENT_TARGET = 10.11;
				MTL_ENABLE_DEBUG_INFO = YES;
				ONLY_ACTIVE_ARCH = YES;
				SDKROOT = macosx;
			};
			name = Debug;
		};
		FA6214C71D2E1DFD00294F8B /* Release */ = {
			isa = XCBuildConfiguration;
			buildSettings = {
				ALWAYS_SEARCH_USER_PATHS = NO;
				CLANG_ANALYZER_NONNULL = YES;
				CLANG_CXX_LANGUAGE_STANDARD = "gnu++0x";
				CLANG_CXX_LIBRARY = "libc++";
				CLANG_ENABLE_MODULES = YES;
				CLANG_ENABLE_OBJC_ARC = YES;
				CLANG_WARN_BOOL_CONVERSION = YES;
				CLANG_WARN_CONSTANT_CONVERSION = YES;
				CLANG_WARN_DIRECT_OBJC_ISA_USAGE = YES_ERROR;
				CLANG_WARN_EMPTY_BODY = YES;
				CLANG_WARN_ENUM_CONVERSION = YES;
				CLANG_WARN_INT_CONVERSION = YES;
				CLANG_WARN_OBJC_ROOT_CLASS = YES_ERROR;
				CLANG_WARN_UNREACHABLE_CODE = YES;
				CLANG_WARN__DUPLICATE_METHOD_MATCH = YES;
				CODE_SIGN_IDENTITY = "-";
				COPY_PHASE_STRIP = NO;
				DEBUG_INFORMATION_FORMAT = "dwarf-with-dsym";
				ENABLE_NS_ASSERTIONS = NO;
				ENABLE_STRICT_OBJC_MSGSEND = YES;
				GCC_C_LANGUAGE_STANDARD = gnu99;
				GCC_NO_COMMON_BLOCKS = YES;
				GCC_WARN_64_TO_32_BIT_CONVERSION = YES;
				GCC_WARN_ABOUT_RETURN_TYPE = YES_ERROR;
				GCC_WARN_UNDECLARED_SELECTOR = YES;
				GCC_WARN_UNINITIALIZED_AUTOS = YES_AGGRESSIVE;
				GCC_WARN_UNUSED_FUNCTION = YES;
				GCC_WARN_UNUSED_VARIABLE = YES;
				MACOSX_DEPLOYMENT_TARGET = 10.11;
				MTL_ENABLE_DEBUG_INFO = NO;
				SDKROOT = macosx;
			};
			name = Release;
		};
		FA6214C91D2E1DFD00294F8B /* Debug */ = {
			isa = XCBuildConfiguration;
			buildSettings = {
				PRODUCT_NAME = "$(TARGET_NAME)";
			};
			name = Debug;
		};
		FA6214CA1D2E1DFD00294F8B /* Release */ = {
			isa = XCBuildConfiguration;
			buildSettings = {
				PRODUCT_NAME = "$(TARGET_NAME)";
			};
			name = Release;
		};
/* End XCBuildConfiguration section */

/* Begin XCConfigurationList section */
		FA6214BC1D2E1DFD00294F8B /* Build configuration list for PBXProject "DoubleLinkedList-HeadTail" */ = {
			isa = XCConfigurationList;
			buildConfigurations = (
				FA6214C61D2E1DFD00294F8B /* Debug */,
				FA6214C71D2E1DFD00294F8B /* Release */,
			);
			defaultConfigurationIsVisible = 0;
			defaultConfigurationName = Release;
		};
		FA6214C81D2E1DFD00294F8B /* Build configuration list for PBXNativeTarget "DoubleLinkedList-HeadTail" */ = {
			isa = XCConfigurationList;
			buildConfigurations = (
				FA6214C91D2E1DFD00294F8B /* Debug */,
				FA6214CA1D2E1DFD00294F8B /* Release */,
			);
			defaultConfigurationIsVisible = 0;
		};
/* End XCConfigurationList section */
	};
	rootObject = FA6214B91D2E1DFD00294F8B /* Project object */;
}
